
Microsoft Visual Studio Solution File, Format Version 12.00
Project("{FAE04EC0-301F-11D3-BF4B-00C04F79EFBC}") = "AspireStarter.AppHost", "AspireStarter\AspireStarter.AppHost\AspireStarter.AppHost.csproj", "{7D1C78F0-58BB-4362-95FE-8677E3A7CF0F}"
EndProject
Project("{FAE04EC0-301F-11D3-BF4B-00C04F79EFBC}") = "AspireStarter.ServiceDefaults", "AspireStarter\AspireStarter.ServiceDefaults\AspireStarter.ServiceDefaults.csproj", "{F9310C1A-1D2B-4EE9-9F41-2219E101C3F3}"
EndProject
Project("{FAE04EC0-301F-11D3-BF4B-00C04F79EFBC}") = "AspireStarter.ApiService", "AspireStarter\AspireStarter.ApiService\AspireStarter.ApiService.csproj", "{A6B67941-5A03-4AED-8F17-496A6CF15415}"
EndProject
Project("{FAE04EC0-301F-11D3-BF4B-00C04F79EFBC}") = "AspireStarter.Web", "AspireStarter\AspireStarter.Web\AspireStarter.Web.csproj", "{47E95417-A617-4D3A-B936-9004340CDAB5}"
EndProject
Project("{2150E333-8FDC-42A3-9474-1A3956D46DE8}") = "Libraries", "Libraries", "{050D9FAB-CCFE-4090-8EE0-A574E06E4395}"
EndProject
Project("{FAE04EC0-301F-11D3-BF4B-00C04F79EFBC}") = "Messaging", "AspireStarter\Libraries\Messaging\Messaging.csproj", "{49750F48-96D3-4B92-A28D-FF0D76C1582A}"
EndProject
Project("{FAE04EC0-301F-11D3-BF4B-00C04F79EFBC}") = "Aspire.WorkerService", "Aspire.WorkerService\Aspire.WorkerService.csproj", "{5509EC9D-9C01-4DA5-B125-F28512B05A7C}"
EndProject
Project("{FAE04EC0-301F-11D3-BF4B-00C04F79EFBC}") = "Messaging.Commands", "Messaging.Commands\Messaging.Commands.csproj", "{694087A9-BEC5-482E-8D4E-1889003366C4}"
EndProject
Global
	GlobalSection(SolutionConfigurationPlatforms) = preSolution
		Debug|Any CPU = Debug|Any CPU
		Release|Any CPU = Release|Any CPU
	EndGlobalSection
	GlobalSection(ProjectConfigurationPlatforms) = postSolution
		{7D1C78F0-58BB-4362-95FE-8677E3A7CF0F}.Debug|Any CPU.ActiveCfg = Debug|Any CPU
		{7D1C78F0-58BB-4362-95FE-8677E3A7CF0F}.Debug|Any CPU.Build.0 = Debug|Any CPU
		{7D1C78F0-58BB-4362-95FE-8677E3A7CF0F}.Release|Any CPU.ActiveCfg = Release|Any CPU
		{7D1C78F0-58BB-4362-95FE-8677E3A7CF0F}.Release|Any CPU.Build.0 = Release|Any CPU
		{F9310C1A-1D2B-4EE9-9F41-2219E101C3F3}.Debug|Any CPU.ActiveCfg = Debug|Any CPU
		{F9310C1A-1D2B-4EE9-9F41-2219E101C3F3}.Debug|Any CPU.Build.0 = Debug|Any CPU
		{F9310C1A-1D2B-4EE9-9F41-2219E101C3F3}.Release|Any CPU.ActiveCfg = Release|Any CPU
		{F9310C1A-1D2B-4EE9-9F41-2219E101C3F3}.Release|Any CPU.Build.0 = Release|Any CPU
		{A6B67941-5A03-4AED-8F17-496A6CF15415}.Debug|Any CPU.ActiveCfg = Debug|Any CPU
		{A6B67941-5A03-4AED-8F17-496A6CF15415}.Debug|Any CPU.Build.0 = Debug|Any CPU
		{A6B67941-5A03-4AED-8F17-496A6CF15415}.Release|Any CPU.ActiveCfg = Release|Any CPU
		{A6B67941-5A03-4AED-8F17-496A6CF15415}.Release|Any CPU.Build.0 = Release|Any CPU
		{47E95417-A617-4D3A-B936-9004340CDAB5}.Debug|Any CPU.ActiveCfg = Debug|Any CPU
		{47E95417-A617-4D3A-B936-9004340CDAB5}.Debug|Any CPU.Build.0 = Debug|Any CPU
		{47E95417-A617-4D3A-B936-9004340CDAB5}.Release|Any CPU.ActiveCfg = Release|Any CPU
		{47E95417-A617-4D3A-B936-9004340CDAB5}.Release|Any CPU.Build.0 = Release|Any CPU
		{49750F48-96D3-4B92-A28D-FF0D76C1582A}.Debug|Any CPU.ActiveCfg = Debug|Any CPU
		{49750F48-96D3-4B92-A28D-FF0D76C1582A}.Debug|Any CPU.Build.0 = Debug|Any CPU
		{49750F48-96D3-4B92-A28D-FF0D76C1582A}.Release|Any CPU.ActiveCfg = Release|Any CPU
		{49750F48-96D3-4B92-A28D-FF0D76C1582A}.Release|Any CPU.Build.0 = Release|Any CPU
		{5509EC9D-9C01-4DA5-B125-F28512B05A7C}.Debug|Any CPU.ActiveCfg = Debug|Any CPU
		{5509EC9D-9C01-4DA5-B125-F28512B05A7C}.Debug|Any CPU.Build.0 = Debug|Any CPU
		{5509EC9D-9C01-4DA5-B125-F28512B05A7C}.Release|Any CPU.ActiveCfg = Release|Any CPU
		{5509EC9D-9C01-4DA5-B125-F28512B05A7C}.Release|Any CPU.Build.0 = Release|Any CPU
		{694087A9-BEC5-482E-8D4E-1889003366C4}.Debug|Any CPU.ActiveCfg = Debug|Any CPU
		{694087A9-BEC5-482E-8D4E-1889003366C4}.Debug|Any CPU.Build.0 = Debug|Any CPU
		{694087A9-BEC5-482E-8D4E-1889003366C4}.Release|Any CPU.ActiveCfg = Release|Any CPU
		{694087A9-BEC5-482E-8D4E-1889003366C4}.Release|Any CPU.Build.0 = Release|Any CPU
	EndGlobalSection
	GlobalSection(NestedProjects) = preSolution
		{49750F48-96D3-4B92-A28D-FF0D76C1582A} = {050D9FAB-CCFE-4090-8EE0-A574E06E4395}
		{694087A9-BEC5-482E-8D4E-1889003366C4} = {050D9FAB-CCFE-4090-8EE0-A574E06E4395}
	EndGlobalSection
EndGlobal
